
Microsoft Visual Studio Solution File, Format Version 12.00
# Visual Studio 15
VisualStudioVersion = 15.0.27428.2005
MinimumVisualStudioVersion = 10.0.40219.1
Project("{9A19103F-16F7-4668-BE54-9A1E7A4F7556}") = "RPSLS", "RPSLS\RPSLS.csproj", "{BE6D5B1D-EA6E-4C20-9D94-D0616587D761}"
EndProject
Project("{FAE04EC0-301F-11D3-BF4B-00C04F79EFBC}") = "RPSLSUnitTestProject", "RPSLSUnitTestProject\RPSLSUnitTestProject.csproj", "{7B124C7C-4A37-4776-B13F-7CB8910264C9}"
EndProject
Global
	GlobalSection(SolutionConfigurationPlatforms) = preSolution
		Debug|Any CPU = Debug|Any CPU
		Release|Any CPU = Release|Any CPU
	EndGlobalSection
	GlobalSection(ProjectConfigurationPlatforms) = postSolution
		{BE6D5B1D-EA6E-4C20-9D94-D0616587D761}.Debug|Any CPU.ActiveCfg = Debug|Any CPU
		{BE6D5B1D-EA6E-4C20-9D94-D0616587D761}.Debug|Any CPU.Build.0 = Debug|Any CPU
		{BE6D5B1D-EA6E-4C20-9D94-D0616587D761}.Release|Any CPU.ActiveCfg = Release|Any CPU
		{BE6D5B1D-EA6E-4C20-9D94-D0616587D761}.Release|Any CPU.Build.0 = Release|Any CPU
		{7B124C7C-4A37-4776-B13F-7CB8910264C9}.Debug|Any CPU.ActiveCfg = Debug|Any CPU
		{7B124C7C-4A37-4776-B13F-7CB8910264C9}.Debug|Any CPU.Build.0 = Debug|Any CPU
		{7B124C7C-4A37-4776-B13F-7CB8910264C9}.Release|Any CPU.ActiveCfg = Release|Any CPU
		{7B124C7C-4A37-4776-B13F-7CB8910264C9}.Release|Any CPU.Build.0 = Release|Any CPU
	EndGlobalSection
	GlobalSection(SolutionProperties) = preSolution
		HideSolutionNode = FALSE
	EndGlobalSection
	GlobalSection(ExtensibilityGlobals) = postSolution
		SolutionGuid = {99839BA0-D200-4E8D-9C0E-BA101EB6B4CA}
	EndGlobalSection
EndGlobal
